Microsoft Visual Studio Solution File, Format Version 12.00
# Visual Studio Version 17
VisualStudioVersion = 17.5.2.0
MinimumVisualStudioVersion = 10.0.40219.1
Project("{FAE04EC0-301F-11D3-BF4B-00C04F79EFBC}") = "Implement-WebAPI", "Implement-WebAPI.csproj", "{189D3ED0-F3FF-4602-1D5C-5160A22A0CA5}"
EndProject
Global
	GlobalSection(SolutionConfigurationPlatforms) = preSolution
		Debug|Any CPU = Debug|Any CPU
		Release|Any CPU = Release|Any CPU
	EndGlobalSection
	GlobalSection(ProjectConfigurationPlatforms) = postSolution
		{189D3ED0-F3FF-4602-1D5C-5160A22A0CA5}.Debug|Any CPU.ActiveCfg = Debug|Any CPU
		{189D3ED0-F3FF-4602-1D5C-5160A22A0CA5}.Debug|Any CPU.Build.0 = Debug|Any CPU
		{189D3ED0-F3FF-4602-1D5C-5160A22A0CA5}.Release|Any CPU.ActiveCfg = Release|Any CPU
		{189D3ED0-F3FF-4602-1D5C-5160A22A0CA5}.Release|Any CPU.Build.0 = Release|Any CPU
	EndGlobalSection
	GlobalSection(SolutionProperties) = preSolution
		HideSolutionNode = FALSE
	EndGlobalSection
	GlobalSection(ExtensibilityGlobals) = postSolution
		SolutionGuid = {C5D95109-3538-4B9A-B6E8-18961CE985B3}
	EndGlobalSection
EndGlobal
